
Microsoft Visual Studio Solution File, Format Version 12.00
# Visual Studio Version 16
VisualStudioVersion = 16.0.34601.136
MinimumVisualStudioVersion = 10.0.40219.1
Project("{FAE04EC0-301F-11D3-BF4B-00C04F79EFBC}") = "BatchExport", "BatchExport\BatchExport.csproj", "{9EE3B192-8E7E-4259-B6A6-1EBDAD868478}"
EndProject
Global
	GlobalSection(SolutionConfigurationPlatforms) = preSolution
		Debug|Any CPU = Debug|Any CPU
		Release|Any CPU = Release|Any CPU
	EndGlobalSection
	GlobalSection(ProjectConfigurationPlatforms) = postSolution
		{9EE3B192-8E7E-4259-B6A6-1EBDAD868478}.Debug|Any CPU.ActiveCfg = Debug|Any CPU
		{9EE3B192-8E7E-4259-B6A6-1EBDAD868478}.Debug|Any CPU.Build.0 = Debug|Any CPU
		{9EE3B192-8E7E-4259-B6A6-1EBDAD868478}.Release|Any CPU.ActiveCfg = Release|Any CPU
		{9EE3B192-8E7E-4259-B6A6-1EBDAD868478}.Release|Any CPU.Build.0 = Release|Any CPU
	EndGlobalSection
	GlobalSection(SolutionProperties) = preSolution
		HideSolutionNode = FALSE
	EndGlobalSection
	GlobalSection(ExtensibilityGlobals) = postSolution
		SolutionGuid = {A3A25C3F-F259-4D3D-A0B0-C2E765889042}
	EndGlobalSection
EndGlobal
